PODS:
  - FBSnapshotTestCase (2.1.4):
    - FBSnapshotTestCase/SwiftSupport (= 2.1.4)
  - FBSnapshotTestCase/Core (2.1.4)
  - FBSnapshotTestCase/SwiftSupport (2.1.4):
    - FBSnapshotTestCase/Core
  - HYHSuspensionList (0.1.0)

DEPENDENCIES:
  - FBSnapshotTestCase
  - HYHSuspensionList (from `../`)

SPEC REPOS:
  https://github.com/CocoaPods/Specs.git:
    - FBSnapshotTestCase

EXTERNAL SOURCES:
  HYHSuspensionList:
    :path: "../"

SPEC CHECKSUMS:
  FBSnapshotTestCase: 094f9f314decbabe373b87cc339bea235a63e07a
  HYHSuspensionList: 2ef6e930deae819d4dad80e6ec3a14873c96ffe1

PODFILE CHECKSUM: 82257afa60eb725d3107fa4226c6e87fa10e254a

COCOAPODS: 1.8.3
