PODS:
  - FBSnapshotTestCase (2.1.4):
    - FBSnapshotTestCase/SwiftSupport (= 2.1.4)
  - FBSnapshotTestCase/Core (2.1.4)
  - FBSnapshotTestCase/SwiftSupport (2.1.4):
    - FBSnapshotTestCase/Core
  - HYHSuspensionList (0.0.2)

DEPENDENCIES:
  - FBSnapshotTestCase
  - HYHSuspensionList (from `../`)

SPEC REPOS:
  https://github.com/CocoaPods/Specs.git:
    - FBSnapshotTestCase

EXTERNAL SOURCES:
  HYHSuspensionList:
    :path: "../"

SPEC CHECKSUMS:
  FBSnapshotTestCase: 094f9f314decbabe373b87cc339bea235a63e07a
  HYHSuspensionList: 9afa4298727041654a9a66571e1b17f69d9f5793

PODFILE CHECKSUM: 82257afa60eb725d3107fa4226c6e87fa10e254a

COCOAPODS: 1.8.3
